<Solution>
  <Configurations>
    <Platform Name="Any CPU" />
    <Platform Name="x64" />
    <Platform Name="x86" />
  </Configurations>
  <Folder Name="/Solution Items/">
    <File Path=".gitignore" />
    <File Path="README.md" />
  </Folder>
  <Project Path="clox_c/clox_c.vcxproj" Id="e5633e90-33f8-45c6-b6ea-e290cf51954c" />
  <Project Path="jlox_csharp/jlox_csharp/jlox_csharp.csproj" />
</Solution>
